
Microsoft Visual Studio Solution File, Format Version 12.00
# Visual Studio Version 16
VisualStudioVersion = 16.0.31624.102
MinimumVisualStudioVersion = 10.0.40219.1
Project("{FAE04EC0-301F-11D3-BF4B-00C04F79EFBC}") = "HomeWork5", "HomeWork5\HomeWork5.csproj", "{509D6A73-C1A9-4E97-845C-4E447A49F45B}"
EndProject
Global
	GlobalSection(SolutionConfigurationPlatforms) = preSolution
		Debug|Any CPU = Debug|Any CPU
		Release|Any CPU = Release|Any CPU
	EndGlobalSection
	GlobalSection(ProjectConfigurationPlatforms) = postSolution
		{509D6A73-C1A9-4E97-845C-4E447A49F45B}.Debug|Any CPU.ActiveCfg = Debug|Any CPU
		{509D6A73-C1A9-4E97-845C-4E447A49F45B}.Debug|Any CPU.Build.0 = Debug|Any CPU
		{509D6A73-C1A9-4E97-845C-4E447A49F45B}.Release|Any CPU.ActiveCfg = Release|Any CPU
		{509D6A73-C1A9-4E97-845C-4E447A49F45B}.Release|Any CPU.Build.0 = Release|Any CPU
	EndGlobalSection
	GlobalSection(SolutionProperties) = preSolution
		HideSolutionNode = FALSE
	EndGlobalSection
	GlobalSection(ExtensibilityGlobals) = postSolution
		SolutionGuid = {C715AF1D-9D73-490A-AF98-4715DFED7BCE}
	EndGlobalSection
EndGlobal
